# THIS IS AN AUTOGENERATED FILE. DO NOT EDIT THIS FILE DIRECTLY.
# yarn lockfile v1


bootbox@5.5.1:
  version "5.5.1"
  resolved "https://registry.yarnpkg.com/bootbox/-/bootbox-5.5.1.tgz#794908a0a0079544dfc38d177c441f3fa9b76c09"
  dependencies:
    bootstrap "^4.4.0"
    jquery "^3.5.1"
    popper.js "^1.16.0"

bootstrap@4.3.1:
  version "4.3.1"
  resolved "https://registry.yarnpkg.com/bootstrap/-/bootstrap-4.3.1.tgz#280ca8f610504d99d7b6b4bfc4b68cec601704ac"

bootstrap@^4.4.0:
  version "4.5.3"
  resolved "https://registry.yarnpkg.com/bootstrap/-/bootstrap-4.5.3.tgz#c6a72b355aaf323920be800246a6e4ef30997fe6"

font-awesome@4.7.0:
  version "4.7.0"
  resolved "https://registry.yarnpkg.com/font-awesome/-/font-awesome-4.7.0.tgz#8fa8cf0411a1a31afd07b06d2902bb9fc815a133"

jquery-pjax@2.0.1:
  version "2.0.1"
  resolved "https://registry.yarnpkg.com/jquery-pjax/-/jquery-pjax-2.0.1.tgz#6b3a1ba16e644e624bdcfe72eb6b3d96a846f5f2"

jquery@3.4.1:
  version "3.4.1"
  resolved "https://registry.yarnpkg.com/jquery/-/jquery-3.4.1.tgz#714f1f8d9dde4bdfa55764ba37ef214630d80ef2"

jquery@^3.5.1:
  version "3.5.1"
  resolved "https://registry.yarnpkg.com/jquery/-/jquery-3.5.1.tgz#d7b4d08e1bfdb86ad2f1a3d039ea17304717abb5"

popper.js@^1.16.0:
  version "1.16.1"
  resolved "https://registry.yarnpkg.com/popper.js/-/popper.js-1.16.1.tgz#2a223cb3dc7b6213d740e40372be40de43e65b1b"
