# THIS IS AN AUTOGENERATED FILE. DO NOT EDIT THIS FILE DIRECTLY.
# yarn lockfile v1


bootbox@5.2.0:
  version "5.2.0"
  resolved "https://registry.yarnpkg.com/bootbox/-/bootbox-5.2.0.tgz#07b14c2addfa4327e8cc58616678394cb8e6fde8"
  dependencies:
    bootstrap ">=3.0.0"
    jquery ">=1.9.1"

bootstrap@4.3.1, bootstrap@>=3.0.0:
  version "4.3.1"
  resolved "https://registry.yarnpkg.com/bootstrap/-/bootstrap-4.3.1.tgz#280ca8f610504d99d7b6b4bfc4b68cec601704ac"

font-awesome@4.7.0:
  version "4.7.0"
  resolved "https://registry.yarnpkg.com/font-awesome/-/font-awesome-4.7.0.tgz#8fa8cf0411a1a31afd07b06d2902bb9fc815a133"

jquery-pjax@2.0.1:
  version "2.0.1"
  resolved "https://registry.yarnpkg.com/jquery-pjax/-/jquery-pjax-2.0.1.tgz#6b3a1ba16e644e624bdcfe72eb6b3d96a846f5f2"

jquery@3.4.1, jquery@>=1.9.1:
  version "3.4.1"
  resolved "https://registry.yarnpkg.com/jquery/-/jquery-3.4.1.tgz#714f1f8d9dde4bdfa55764ba37ef214630d80ef2"
